[root]
name = "wca-api-rust"
version = "0.0.1"
dependencies = [
 "nickel 0.1.0 (git+https://github.com/nickel-org/nickel.rs.git)",
 "wca-data 0.0.1 (git+https://github.com/timhabermaas/wca-data-rust.git)",
]

[[package]]
name = "anymap"
version = "0.9.0"
source = "git+https://github.com/chris-morgan/anymap.git#a2560a090f4913796b74b5d85f8caa671fc40274"

[[package]]
name = "encoding"
version = "0.1.0"
source = "git+https://github.com/lifthrasiir/rust-encoding#a739425a3f3174a31fe38c158dcaf22ea1d856f4"

[[package]]
name = "groupable"
version = "0.1.0"
source = "git+https://github.com/Ryman/groupable-rs#66f2f53a6ac6850dbdddb8c6023ad7c3c2a9c2a5"

[[package]]
name = "http"
version = "0.1.0-pre"
source = "git+https://github.com/chris-morgan/rust-http.git#c8aef7e0192161aa528ed067fad85bd353088a52"
dependencies = [
 "openssl 0.0.0 (git+https://github.com/sfackler/rust-openssl.git)",
 "url 0.1.0 (git+https://github.com/servo/rust-url.git)",
]

[[package]]
name = "nickel"
version = "0.1.0"
source = "git+https://github.com/nickel-org/nickel.rs.git#e6e6fe3c1c7ad76876aee29a7c467be814fcc0a0"
dependencies = [
 "anymap 0.9.0 (git+https://github.com/chris-morgan/anymap.git)",
 "groupable 0.1.0 (git+https://github.com/Ryman/groupable-rs)",
 "http 0.1.0-pre (git+https://github.com/chris-morgan/rust-http.git)",
 "nickel_macros 0.0.1 (git+https://github.com/nickel-org/nickel.rs.git)",
 "rust-mustache 0.3.0 (git+https://github.com/timhabermaas/rust-mustache.git)",
 "url 0.1.0 (git+https://github.com/servo/rust-url.git)",
]

[[package]]
name = "nickel_macros"
version = "0.0.1"
source = "git+https://github.com/nickel-org/nickel.rs.git#e6e6fe3c1c7ad76876aee29a7c467be814fcc0a0"

[[package]]
name = "openssl"
version = "0.0.0"
source = "git+https://github.com/sfackler/rust-openssl.git#1e706b8ef4d4344b5297b90bcd430cc96f40fb39"

[[package]]
name = "rust-csv"
version = "0.5.1"
source = "git+git://github.com/BurntSushi/rust-csv#35b5a1e866daf164603c45da09267725f2c5251a"

[[package]]
name = "rust-mustache"
version = "0.3.0"
source = "git+https://github.com/timhabermaas/rust-mustache.git#bf46d703791ba78ff10341f782534cf71a919db8"

[[package]]
name = "url"
version = "0.1.0"
source = "git+https://github.com/servo/rust-url.git#9142b86a812ac5bc886f76235585557d8e002246"
dependencies = [
 "encoding 0.1.0 (git+https://github.com/lifthrasiir/rust-encoding)",
]

[[package]]
name = "wca-data"
version = "0.0.1"
source = "git+https://github.com/timhabermaas/wca-data-rust.git#415431bcf76aced107177fec67eb5339544ea8ac"
dependencies = [
 "rust-csv 0.5.1 (git+git://github.com/BurntSushi/rust-csv)",
]

