[root]
name = "wca-api-rust"
version = "0.0.1"
dependencies = [
 "nickel 0.1.0 (git+https://github.com/nickel-org/nickel.rs.git)",
 "wca-data 0.0.1",
]

[[package]]
name = "anymap"
version = "0.9.0"
source = "git+https://github.com/nickel-org/anymap.git#15cad51ac750ea5209d5882379a055f9b8057720"

[[package]]
name = "csv"
version = "0.7.1"
source = "git+git://github.com/BurntSushi/rust-csv#5416ec612250ec14845d7e7b430ef8a26084df23"

[[package]]
name = "encoding"
version = "0.2.5"
source = "git+https://github.com/lifthrasiir/rust-encoding#210beb5e37649b7136d27069c1f1b36a513fa76a"
dependencies = [
 "encoding-index-japanese 1.0.20140915 (git+https://github.com/lifthrasiir/rust-encoding)",
 "encoding-index-korean 1.0.20140915 (git+https://github.com/lifthrasiir/rust-encoding)",
 "encoding-index-simpchinese 1.0.20140915 (git+https://github.com/lifthrasiir/rust-encoding)",
 "encoding-index-singlebyte 1.0.20140915 (git+https://github.com/lifthrasiir/rust-encoding)",
 "encoding-index-tradchinese 1.0.20140915 (git+https://github.com/lifthrasiir/rust-encoding)",
]

[[package]]
name = "encoding-index-japanese"
version = "1.0.20140915"
source = "git+https://github.com/lifthrasiir/rust-encoding#210beb5e37649b7136d27069c1f1b36a513fa76a"
dependencies = [
 "encoding_index_tests 0.1.0 (git+https://github.com/lifthrasiir/rust-encoding)",
]

[[package]]
name = "encoding-index-korean"
version = "1.0.20140915"
source = "git+https://github.com/lifthrasiir/rust-encoding#210beb5e37649b7136d27069c1f1b36a513fa76a"
dependencies = [
 "encoding_index_tests 0.1.0 (git+https://github.com/lifthrasiir/rust-encoding)",
]

[[package]]
name = "encoding-index-simpchinese"
version = "1.0.20140915"
source = "git+https://github.com/lifthrasiir/rust-encoding#210beb5e37649b7136d27069c1f1b36a513fa76a"
dependencies = [
 "encoding_index_tests 0.1.0 (git+https://github.com/lifthrasiir/rust-encoding)",
]

[[package]]
name = "encoding-index-singlebyte"
version = "1.0.20140915"
source = "git+https://github.com/lifthrasiir/rust-encoding#210beb5e37649b7136d27069c1f1b36a513fa76a"
dependencies = [
 "encoding_index_tests 0.1.0 (git+https://github.com/lifthrasiir/rust-encoding)",
]

[[package]]
name = "encoding-index-tradchinese"
version = "1.0.20140915"
source = "git+https://github.com/lifthrasiir/rust-encoding#210beb5e37649b7136d27069c1f1b36a513fa76a"
dependencies = [
 "encoding_index_tests 0.1.0 (git+https://github.com/lifthrasiir/rust-encoding)",
]

[[package]]
name = "encoding_index_tests"
version = "0.1.0"
source = "git+https://github.com/lifthrasiir/rust-encoding#210beb5e37649b7136d27069c1f1b36a513fa76a"

[[package]]
name = "gcc"
version = "0.1.0"
source = "git+https://github.com/alexcrichton/gcc-rs#6b60df5cec47c6e74d8f86a1216e202268727a72"

[[package]]
name = "groupable"
version = "0.1.0"
source = "git+https://github.com/nickel-org/groupable-rs#74c9e38ede02008fc04c47a33c4ba9b995dc3606"

[[package]]
name = "http"
version = "0.1.0-pre"
source = "git+https://github.com/nickel-org/rust-http.git#2d2b9784b74ca78d6a7918a14a79bea8b7094ed8"
dependencies = [
 "openssl 0.2.2 (git+https://github.com/sfackler/rust-openssl.git)",
 "time 0.1.0 (git+https://github.com/rust-lang/time)",
 "url 0.1.0 (git+https://github.com/nickel-org/rust-url.git)",
]

[[package]]
name = "nickel"
version = "0.1.0"
source = "git+https://github.com/nickel-org/nickel.rs.git#42fb537a1136b092e7ddd3b1b6b9e613fe21972c"
dependencies = [
 "anymap 0.9.0 (git+https://github.com/nickel-org/anymap.git)",
 "groupable 0.1.0 (git+https://github.com/nickel-org/groupable-rs)",
 "http 0.1.0-pre (git+https://github.com/nickel-org/rust-http.git)",
 "nickel_macros 0.0.1 (git+https://github.com/nickel-org/nickel.rs.git)",
 "rust-mustache 0.3.0 (git+https://github.com/nickel-org/rust-mustache.git)",
 "time 0.1.0 (git+https://github.com/rust-lang/time)",
 "url 0.1.0 (git+https://github.com/nickel-org/rust-url.git)",
]

[[package]]
name = "nickel_macros"
version = "0.0.1"
source = "git+https://github.com/nickel-org/nickel.rs.git#42fb537a1136b092e7ddd3b1b6b9e613fe21972c"

[[package]]
name = "openssl"
version = "0.2.2"
source = "git+https://github.com/sfackler/rust-openssl.git#b8a41f79a1a78791dddd453db0aab5f0957152fc"
dependencies = [
 "openssl-sys 0.2.2 (git+https://github.com/sfackler/rust-openssl.git)",
]

[[package]]
name = "openssl-sys"
version = "0.2.2"
source = "git+https://github.com/sfackler/rust-openssl.git#b8a41f79a1a78791dddd453db0aab5f0957152fc"
dependencies = [
 "pkg-config 0.1.0 (registry+https://github.com/rust-lang/crates.io-index)",
]

[[package]]
name = "pkg-config"
version = "0.1.0"
source = "registry+https://github.com/rust-lang/crates.io-index"

[[package]]
name = "rust-mustache"
version = "0.3.0"
source = "git+https://github.com/nickel-org/rust-mustache.git#6f98a76ba46068f04c14b942a182e29eea24350e"

[[package]]
name = "time"
version = "0.1.0"
source = "git+https://github.com/rust-lang/time#b8e219aa9fca15ed1377a7d62aff1eb4378f3ba4"
dependencies = [
 "gcc 0.1.0 (git+https://github.com/alexcrichton/gcc-rs)",
]

[[package]]
name = "url"
version = "0.1.0"
source = "git+https://github.com/nickel-org/rust-url.git#5d15bee2d296b0fc3cfae84e69d1d2e865cf9335"
dependencies = [
 "encoding 0.2.5 (git+https://github.com/lifthrasiir/rust-encoding)",
]

[[package]]
name = "wca-data"
version = "0.0.1"
dependencies = [
 "csv 0.7.1 (git+git://github.com/BurntSushi/rust-csv)",
]

